
Microsoft Visual Studio Solution File, Format Version 12.00
# Visual Studio Version 16
VisualStudioVersion = 16.0.29418.71
MinimumVisualStudioVersion = 10.0.40219.1
Project("{FAE04EC0-301F-11D3-BF4B-00C04F79EFBC}") = "wpftest", "wpftest\wpftest.csproj", "{B5B052E4-9B6C-4DCC-9333-4A23E039DF4C}"
EndProject
Global
	GlobalSection(SolutionConfigurationPlatforms) = preSolution
		Debug|Any CPU = Debug|Any CPU
		Release|Any CPU = Release|Any CPU
	EndGlobalSection
	GlobalSection(ProjectConfigurationPlatforms) = postSolution
		{B5B052E4-9B6C-4DCC-9333-4A23E039DF4C}.Debug|Any CPU.ActiveCfg = Debug|Any CPU
		{B5B052E4-9B6C-4DCC-9333-4A23E039DF4C}.Debug|Any CPU.Build.0 = Debug|Any CPU
		{B5B052E4-9B6C-4DCC-9333-4A23E039DF4C}.Release|Any CPU.ActiveCfg = Release|Any CPU
		{B5B052E4-9B6C-4DCC-9333-4A23E039DF4C}.Release|Any CPU.Build.0 = Release|Any CPU
	EndGlobalSection
	GlobalSection(SolutionProperties) = preSolution
		HideSolutionNode = FALSE
	EndGlobalSection
	GlobalSection(ExtensibilityGlobals) = postSolution
		SolutionGuid = {7990E520-33B0-4F04-AC82-B5C76F188A8C}
	EndGlobalSection
EndGlobal
